{
  "name": "genspawnpoints",
  "version": "1.0.0",
  "lockfileVersion": 3,
  "requires": true,
  "packages": {
    "": {
      "name": "genspawnpoints",
      "version": "1.0.0",
      "license": "ISC",
      "dependencies": {
        "@turf/clusters-kmeans": "^6.5.0",
        "@turf/helpers": "^6.5.0"
      }
    },
    "node_modules/@turf/clone": {
      "version": "6.5.0",
      "resolved": "https://registry.npmjs.org/@turf/clone/-/clone-6.5.0.tgz",
      "integrity": "sha512-mzVtTFj/QycXOn6ig+annKrM6ZlimreKYz6f/GSERytOpgzodbQyOgkfwru100O1KQhhjSudKK4DsQ0oyi9cTw==",
      "dependencies": {
        "@turf/helpers": "^6.5.0"
      },
      "funding": {
        "url": "https://opencollective.com/turf"
      }
    },
    "node_modules/@turf/clusters-kmeans": {
      "version": "6.5.0",
      "resolved": "https://registry.npmjs.org/@turf/clusters-kmeans/-/clusters-kmeans-6.5.0.tgz",
      "integrity": "sha512-DwacD5+YO8kwDPKaXwT9DV46tMBVNsbi1IzdajZu1JDSWoN7yc7N9Qt88oi+p30583O0UPVkAK+A10WAQv4mUw==",
      "dependencies": {
        "@turf/clone": "^6.5.0",
        "@turf/helpers": "^6.5.0",
        "@turf/invariant": "^6.5.0",
        "@turf/meta": "^6.5.0",
        "skmeans": "0.9.7"
      },
      "funding": {
        "url": "https://opencollective.com/turf"
      }
    },
    "node_modules/@turf/helpers": {
      "version": "6.5.0",
      "resolved": "https://registry.npmjs.org/@turf/helpers/-/helpers-6.5.0.tgz",
      "integrity": "sha512-VbI1dV5bLFzohYYdgqwikdMVpe7pJ9X3E+dlr425wa2/sMJqYDhTO++ec38/pcPvPE6oD9WEEeU3Xu3gza+VPw==",
      "funding": {
        "url": "https://opencollective.com/turf"
      }
    },
    "node_modules/@turf/invariant": {
      "version": "6.5.0",
      "resolved": "https://registry.npmjs.org/@turf/invariant/-/invariant-6.5.0.tgz",
      "integrity": "sha512-Wv8PRNCtPD31UVbdJE/KVAWKe7l6US+lJItRR/HOEW3eh+U/JwRCSUl/KZ7bmjM/C+zLNoreM2TU6OoLACs4eg==",
      "dependencies": {
        "@turf/helpers": "^6.5.0"
      },
      "funding": {
        "url": "https://opencollective.com/turf"
      }
    },
    "node_modules/@turf/meta": {
      "version": "6.5.0",
      "resolved": "https://registry.npmjs.org/@turf/meta/-/meta-6.5.0.tgz",
      "integrity": "sha512-RrArvtsV0vdsCBegoBtOalgdSOfkBrTJ07VkpiCnq/491W67hnMWmDu7e6Ztw0C3WldRYTXkg3SumfdzZxLBHA==",
      "dependencies": {
        "@turf/helpers": "^6.5.0"
      },
      "funding": {
        "url": "https://opencollective.com/turf"
      }
    },
    "node_modules/skmeans": {
      "version": "0.9.7",
      "resolved": "https://registry.npmjs.org/skmeans/-/skmeans-0.9.7.tgz",
      "integrity": "sha512-hNj1/oZ7ygsfmPZ7ZfN5MUBRoGg1gtpnImuJBgLO0ljQ67DtJuiQaiYdS4lUA6s0KCwnPhGivtC/WRwIZLkHyg=="
    }
  }
}
