
Microsoft Visual Studio Solution File, Format Version 12.00
# Visual Studio Version 16
VisualStudioVersion = 16.0.30225.117
MinimumVisualStudioVersion = 10.0.40219.1
Project("{FAE04EC0-301F-11D3-BF4B-00C04F79EFBC}") = "BriefingRoom", "BriefingRoom.csproj", "{62C3A919-BE9A-40AD-A867-F79D40CB46FB}"
EndProject
Global
	GlobalSection(SolutionConfigurationPlatforms) = preSolution
		Debug|Any CPU = Debug|Any CPU
		Release|Any CPU = Release|Any CPU
	EndGlobalSection
	GlobalSection(ProjectConfigurationPlatforms) = postSolution
		{62C3A919-BE9A-40AD-A867-F79D40CB46FB}.Debug|Any CPU.ActiveCfg = Debug|Any CPU
		{62C3A919-BE9A-40AD-A867-F79D40CB46FB}.Debug|Any CPU.Build.0 = Debug|Any CPU
		{62C3A919-BE9A-40AD-A867-F79D40CB46FB}.Release|Any CPU.ActiveCfg = Release|Any CPU
		{62C3A919-BE9A-40AD-A867-F79D40CB46FB}.Release|Any CPU.Build.0 = Release|Any CPU
	EndGlobalSection
	GlobalSection(SolutionProperties) = preSolution
		HideSolutionNode = FALSE
	EndGlobalSection
	GlobalSection(ExtensibilityGlobals) = postSolution
		SolutionGuid = {764B1D44-5565-4D8F-B21D-0EDE35C5400B}
	EndGlobalSection
EndGlobal
