
Microsoft Visual Studio Solution File, Format Version 12.00
# Visual Studio Version 16
VisualStudioVersion = 16.0.30225.117
MinimumVisualStudioVersion = 10.0.40219.1
Project("{9A19103F-16F7-4668-BE54-9A1E7A4F7556}") = "BriefingRoom", "BriefingRoom\BriefingRoom.csproj", "{5BDE97C4-4B27-40D2-8547-28A05C9A077E}"
EndProject
Project("{9A19103F-16F7-4668-BE54-9A1E7A4F7556}") = "BriefingRoomCommandLine", "BriefingRoomCommandLine\BriefingRoomCommandLine.csproj", "{015DF5C0-B3DE-459F-A700-5968FE1A7F7C}"
EndProject
Global
	GlobalSection(SolutionConfigurationPlatforms) = preSolution
		Debug|Any CPU = Debug|Any CPU
		Release|Any CPU = Release|Any CPU
	EndGlobalSection
	GlobalSection(ProjectConfigurationPlatforms) = postSolution
		{5BDE97C4-4B27-40D2-8547-28A05C9A077E}.Debug|Any CPU.ActiveCfg = Debug|Any CPU
		{5BDE97C4-4B27-40D2-8547-28A05C9A077E}.Debug|Any CPU.Build.0 = Debug|Any CPU
		{5BDE97C4-4B27-40D2-8547-28A05C9A077E}.Release|Any CPU.ActiveCfg = Release|Any CPU
		{5BDE97C4-4B27-40D2-8547-28A05C9A077E}.Release|Any CPU.Build.0 = Release|Any CPU
		{015DF5C0-B3DE-459F-A700-5968FE1A7F7C}.Debug|Any CPU.ActiveCfg = Debug|Any CPU
		{015DF5C0-B3DE-459F-A700-5968FE1A7F7C}.Debug|Any CPU.Build.0 = Debug|Any CPU
		{015DF5C0-B3DE-459F-A700-5968FE1A7F7C}.Release|Any CPU.ActiveCfg = Release|Any CPU
		{015DF5C0-B3DE-459F-A700-5968FE1A7F7C}.Release|Any CPU.Build.0 = Release|Any CPU
	EndGlobalSection
	GlobalSection(SolutionProperties) = preSolution
		HideSolutionNode = FALSE
	EndGlobalSection
	GlobalSection(ExtensibilityGlobals) = postSolution
		SolutionGuid = {764B1D44-5565-4D8F-B21D-0EDE35C5400B}
	EndGlobalSection
EndGlobal
