
Microsoft Visual Studio Solution File, Format Version 12.00
# Visual Studio Version 17
VisualStudioVersion = 17.0.31903.59
MinimumVisualStudioVersion = 10.0.40219.1
Project("{FAE04EC0-301F-11D3-BF4B-00C04F79EFBC}") = "BriefingRoom", "BriefingRoom\BriefingRoom.csproj", "{573309FF-E2E2-4765-920C-B3F8718D3947}"
EndProject
Project("{FAE04EC0-301F-11D3-BF4B-00C04F79EFBC}") = "BriefingRoomDesktop", "BriefingRoomDesktop\BriefingRoomDesktop.csproj", "{BD6A1E3D-2245-4285-BB9E-BA73B7FF6F52}"
EndProject
Project("{FAE04EC0-301F-11D3-BF4B-00C04F79EFBC}") = "BriefingRoomCommandLine", "BriefingRoomCommandLine\BriefingRoomCommandLine.csproj", "{0493DE5C-C82C-40C6-8512-3BFAA7C361E4}"
EndProject
Project("{FAE04EC0-301F-11D3-BF4B-00C04F79EFBC}") = "BriefingRoomCommonGUI", "BriefingRoomCommonGUI\BriefingRoomCommonGUI.csproj", "{5005F6CE-9FE4-4B28-8051-75FF9EDA961E}"
EndProject
Project("{FAE04EC0-301F-11D3-BF4B-00C04F79EFBC}") = "BriefingRoomWeb", "BriefingRoomWeb\BriefingRoomWeb.csproj", "{B967C8C3-2D49-48BB-89DB-D12AAA77BE0B}"
EndProject
Global
	GlobalSection(SolutionConfigurationPlatforms) = preSolution
		Debug|Any CPU = Debug|Any CPU
		Release|Any CPU = Release|Any CPU
	EndGlobalSection
	GlobalSection(SolutionProperties) = preSolution
		HideSolutionNode = FALSE
	EndGlobalSection
	GlobalSection(ProjectConfigurationPlatforms) = postSolution
		{573309FF-E2E2-4765-920C-B3F8718D3947}.Debug|Any CPU.ActiveCfg = Debug|Any CPU
		{573309FF-E2E2-4765-920C-B3F8718D3947}.Debug|Any CPU.Build.0 = Debug|Any CPU
		{573309FF-E2E2-4765-920C-B3F8718D3947}.Release|Any CPU.ActiveCfg = Release|Any CPU
		{573309FF-E2E2-4765-920C-B3F8718D3947}.Release|Any CPU.Build.0 = Release|Any CPU
		{BD6A1E3D-2245-4285-BB9E-BA73B7FF6F52}.Debug|Any CPU.ActiveCfg = Debug|Any CPU
		{BD6A1E3D-2245-4285-BB9E-BA73B7FF6F52}.Debug|Any CPU.Build.0 = Debug|Any CPU
		{BD6A1E3D-2245-4285-BB9E-BA73B7FF6F52}.Release|Any CPU.ActiveCfg = Release|Any CPU
		{BD6A1E3D-2245-4285-BB9E-BA73B7FF6F52}.Release|Any CPU.Build.0 = Release|Any CPU
		{0493DE5C-C82C-40C6-8512-3BFAA7C361E4}.Debug|Any CPU.ActiveCfg = Debug|Any CPU
		{0493DE5C-C82C-40C6-8512-3BFAA7C361E4}.Debug|Any CPU.Build.0 = Debug|Any CPU
		{0493DE5C-C82C-40C6-8512-3BFAA7C361E4}.Release|Any CPU.ActiveCfg = Release|Any CPU
		{0493DE5C-C82C-40C6-8512-3BFAA7C361E4}.Release|Any CPU.Build.0 = Release|Any CPU
		{5005F6CE-9FE4-4B28-8051-75FF9EDA961E}.Debug|Any CPU.ActiveCfg = Debug|Any CPU
		{5005F6CE-9FE4-4B28-8051-75FF9EDA961E}.Debug|Any CPU.Build.0 = Debug|Any CPU
		{5005F6CE-9FE4-4B28-8051-75FF9EDA961E}.Release|Any CPU.ActiveCfg = Release|Any CPU
		{5005F6CE-9FE4-4B28-8051-75FF9EDA961E}.Release|Any CPU.Build.0 = Release|Any CPU
		{B967C8C3-2D49-48BB-89DB-D12AAA77BE0B}.Debug|Any CPU.ActiveCfg = Debug|Any CPU
		{B967C8C3-2D49-48BB-89DB-D12AAA77BE0B}.Debug|Any CPU.Build.0 = Debug|Any CPU
		{B967C8C3-2D49-48BB-89DB-D12AAA77BE0B}.Release|Any CPU.ActiveCfg = Release|Any CPU
		{B967C8C3-2D49-48BB-89DB-D12AAA77BE0B}.Release|Any CPU.Build.0 = Release|Any CPU
	EndGlobalSection
EndGlobal
